
Microsoft Visual Studio Solution File, Format Version 12.00
# Visual Studio 15
VisualStudioVersion = 15.0.28306.52
MinimumVisualStudioVersion = 10.0.40219.1
Project("{8BC9CEB8-8B4A-11D0-8D11-00A0C91BC942}") = "File_CNG", "File_CNG\File_CNG.vcxproj", "{EDE882EA-E033-4081-8A1E-77E8B7858A64}"
EndProject
Global
	GlobalSection(SolutionConfigurationPlatforms) = preSolution
		Debug|x64 = Debug|x64
		Debug|x86 = Debug|x86
		Release|x64 = Release|x64
		Release|x86 = Release|x86
	EndGlobalSection
	GlobalSection(ProjectConfigurationPlatforms) = postSolution
		{EDE882EA-E033-4081-8A1E-77E8B7858A64}.Debug|x64.ActiveCfg = Debug|x64
		{EDE882EA-E033-4081-8A1E-77E8B7858A64}.Debug|x64.Build.0 = Debug|x64
		{EDE882EA-E033-4081-8A1E-77E8B7858A64}.Debug|x86.ActiveCfg = Debug|Win32
		{EDE882EA-E033-4081-8A1E-77E8B7858A64}.Debug|x86.Build.0 = Debug|Win32
		{EDE882EA-E033-4081-8A1E-77E8B7858A64}.Release|x64.ActiveCfg = Release|x64
		{EDE882EA-E033-4081-8A1E-77E8B7858A64}.Release|x64.Build.0 = Release|x64
		{EDE882EA-E033-4081-8A1E-77E8B7858A64}.Release|x86.ActiveCfg = Release|Win32
		{EDE882EA-E033-4081-8A1E-77E8B7858A64}.Release|x86.Build.0 = Release|Win32
	EndGlobalSection
	GlobalSection(SolutionProperties) = preSolution
		HideSolutionNode = FALSE
	EndGlobalSection
	GlobalSection(ExtensibilityGlobals) = postSolution
		SolutionGuid = {DC175112-691B-4F57-B867-9F770A2DDDA5}
	EndGlobalSection
EndGlobal
